
Microsoft Visual Studio Solution File, Format Version 12.00
# Visual Studio Version 16
VisualStudioVersion = 16.0.29519.181
MinimumVisualStudioVersion = 10.0.40219.1
Project("{FAE04EC0-301F-11D3-BF4B-00C04F79EFBC}") = "InheritanceAnimal", "InheritanceAnimal.csproj", "{1D3822ED-8802-4BC5-8CB0-612730833681}"
EndProject
Global
	GlobalSection(SolutionConfigurationPlatforms) = preSolution
		Debug|Any CPU = Debug|Any CPU
		Release|Any CPU = Release|Any CPU
	EndGlobalSection
	GlobalSection(ProjectConfigurationPlatforms) = postSolution
		{1D3822ED-8802-4BC5-8CB0-612730833681}.Debug|Any CPU.ActiveCfg = Debug|Any CPU
		{1D3822ED-8802-4BC5-8CB0-612730833681}.Debug|Any CPU.Build.0 = Debug|Any CPU
		{1D3822ED-8802-4BC5-8CB0-612730833681}.Release|Any CPU.ActiveCfg = Release|Any CPU
		{1D3822ED-8802-4BC5-8CB0-612730833681}.Release|Any CPU.Build.0 = Release|Any CPU
	EndGlobalSection
	GlobalSection(SolutionProperties) = preSolution
		HideSolutionNode = FALSE
	EndGlobalSection
	GlobalSection(ExtensibilityGlobals) = postSolution
		SolutionGuid = {6879F1F3-6F59-4E34-98BF-0F60AA3A1245}
	EndGlobalSection
EndGlobal
